
Microsoft Visual Studio Solution File, Format Version 12.00
# Visual Studio Version 16
VisualStudioVersion = 16.0.31911.196
MinimumVisualStudioVersion = 10.0.40219.1
Project("{FAE04EC0-301F-11D3-BF4B-00C04F79EFBC}") = "WebApp", "WebApp.csproj", "{C6FDF18A-A0A6-443C-983A-0F0F6E0E435A}"
EndProject
Global
	GlobalSection(SolutionConfigurationPlatforms) = preSolution
		Debug|Any CPU = Debug|Any CPU
		Release|Any CPU = Release|Any CPU
	EndGlobalSection
	GlobalSection(ProjectConfigurationPlatforms) = postSolution
		{C6FDF18A-A0A6-443C-983A-0F0F6E0E435A}.Debug|Any CPU.ActiveCfg = Debug|Any CPU
		{C6FDF18A-A0A6-443C-983A-0F0F6E0E435A}.Debug|Any CPU.Build.0 = Debug|Any CPU
		{C6FDF18A-A0A6-443C-983A-0F0F6E0E435A}.Release|Any CPU.ActiveCfg = Release|Any CPU
		{C6FDF18A-A0A6-443C-983A-0F0F6E0E435A}.Release|Any CPU.Build.0 = Release|Any CPU
	EndGlobalSection
	GlobalSection(SolutionProperties) = preSolution
		HideSolutionNode = FALSE
	EndGlobalSection
	GlobalSection(ExtensibilityGlobals) = postSolution
		SolutionGuid = {3A5B017A-4C3E-49A9-98DF-A38DB26F9855}
	EndGlobalSection
EndGlobal
